// !$*UTF8*$!
{
	archiveVersion = 1;
	classes = {
	};
	objectVersion = 56;
	objects = {

/* Begin PBXBuildFile section */
		EB52A4E129D47D2A00C83B12 /* AppDelegate.swift in Sources */ = {isa = PBXBuildFile; fileRef = EB52A4E029D47D2A00C83B12 /* AppDelegate.swift */; };
		EB52A4E329D47D2A00C83B12 /* SceneDelegate.swift in Sources */ = {isa = PBXBuildFile; fileRef = EB52A4E229D47D2A00C83B12 /* SceneDelegate.swift */; };
		EB52A4E529D47D2A00C83B12 /* ViewController.swift in Sources */ = {isa = PBXBuildFile; fileRef = EB52A4E429D47D2A00C83B12 /* ViewController.swift */; };
		EB52A4E829D47D2A00C83B12 /* Main.storyboard in Resources */ = {isa = PBXBuildFile; fileRef = EB52A4E629D47D2A00C83B12 /* Main.storyboard */; };
		EB52A4EA29D47D2C00C83B12 /* Assets.xcassets in Resources */ = {isa = PBXBuildFile; fileRef = EB52A4E929D47D2C00C83B12 /* Assets.xcassets */; };
		EB52A4ED29D47D2C00C83B12 /* LaunchScreen.storyboard in Resources */ = {isa = PBXBuildFile; fileRef = EB52A4EB29D47D2C00C83B12 /* LaunchScreen.storyboard */; };
		EB52A4F729D4832000C83B12 /* DetailViewController.swift in Sources */ = {isa = PBXBuildFile; fileRef = EB52A4F529D4832000C83B12 /* DetailViewController.swift */; };
		EB52A4F829D4832000C83B12 /* DetailViewController.xib in Resources */ = {isa = PBXBuildFile; fileRef = EB52A4F629D4832000C83B12 /* DetailViewController.xib */; };
/* End PBXBuildFile section */

/* Begin PBXFileReference section */
		EB52A4DD29D47D2A00C83B12 /* LayoutTestApp.app */ = {isa = PBXFileReference; explicitFileType = wrapper.application; includeInIndex = 0; path = LayoutTestApp.app; sourceTree = BUILT_PRODUCTS_DIR; };
		EB52A4E029D47D2A00C83B12 /* AppDelegate.swift */ = {isa = PBXFileReference; lastKnownFileType = sourcecode.swift; path = AppDelegate.swift; sourceTree = "<group>"; };
		EB52A4E229D47D2A00C83B12 /* SceneDelegate.swift */ = {isa = PBXFileReference; lastKnownFileType = sourcecode.swift; path = SceneDelegate.swift; sourceTree = "<group>"; };
		EB52A4E429D47D2A00C83B12 /* ViewController.swift */ = {isa = PBXFileReference; lastKnownFileType = sourcecode.swift; path = ViewController.swift; sourceTree = "<group>"; };
		EB52A4E729D47D2A00C83B12 /* Base */ = {isa = PBXFileReference; lastKnownFileType = file.storyboard; name = Base; path = Base.lproj/Main.storyboard; sourceTree = "<group>"; };
		EB52A4E929D47D2C00C83B12 /* Assets.xcassets */ = {isa = PBXFileReference; lastKnownFileType = folder.assetcatalog; path = Assets.xcassets; sourceTree = "<group>"; };
		EB52A4EC29D47D2C00C83B12 /* Base */ = {isa = PBXFileReference; lastKnownFileType = file.storyboard; name = Base; path = Base.lproj/LaunchScreen.storyboard; sourceTree = "<group>"; };
		EB52A4EE29D47D2C00C83B12 /* Info.plist */ = {isa = PBXFileReference; lastKnownFileType = text.plist.xml; path = Info.plist; sourceTree = "<group>"; };
		EB52A4F529D4832000C83B12 /* DetailViewController.swift */ = {isa = PBXFileReference; lastKnownFileType = sourcecode.swift; path = DetailViewController.swift; sourceTree = "<group>"; };
		EB52A4F629D4832000C83B12 /* DetailViewController.xib */ = {isa = PBXFileReference; lastKnownFileType = file.xib; path = DetailViewController.xib; sourceTree = "<group>"; };
/* End PBXFileReference section */

/* Begin PBXFrameworksBuildPhase section */
		EB52A4DA29D47D2A00C83B12 /* Frameworks */ = {
			isa = PBXFrameworksBuildPhase;
			buildActionMask = 2147483647;
			files = (
			);
			runOnlyForDeploymentPostprocessing = 0;
		};
/* End PBXFrameworksBuildPhase section */

/* Begin PBXGroup section */
		EB52A4D429D47D2A00C83B12 = {
			isa = PBXGroup;
			children = (
				EB52A4DF29D47D2A00C83B12 /* LayoutTestApp */,
				EB52A4DE29D47D2A00C83B12 /* Products */,
			);
			sourceTree = "<group>";
		};
		EB52A4DE29D47D2A00C83B12 /* Products */ = {
			isa = PBXGroup;
			children = (
				EB52A4DD29D47D2A00C83B12 /* LayoutTestApp.app */,
			);
			name = Products;
			sourceTree = "<group>";
		};
		EB52A4DF29D47D2A00C83B12 /* LayoutTestApp */ = {
			isa = PBXGroup;
			children = (
				EB52A4F429D482E000C83B12 /* Detail */,
				EB52A4E029D47D2A00C83B12 /* AppDelegate.swift */,
				EB52A4E229D47D2A00C83B12 /* SceneDelegate.swift */,
				EB52A4E429D47D2A00C83B12 /* ViewController.swift */,
				EB52A4E629D47D2A00C83B12 /* Main.storyboard */,
				EB52A4E929D47D2C00C83B12 /* Assets.xcassets */,
				EB52A4EB29D47D2C00C83B12 /* LaunchScreen.storyboard */,
				EB52A4EE29D47D2C00C83B12 /* Info.plist */,
			);
			path = LayoutTestApp;
			sourceTree = "<group>";
		};
		EB52A4F429D482E000C83B12 /* Detail */ = {
			isa = PBXGroup;
			children = (
				EB52A4F529D4832000C83B12 /* DetailViewController.swift */,
				EB52A4F629D4832000C83B12 /* DetailViewController.xib */,
			);
			path = Detail;
			sourceTree = "<group>";
		};
/* End PBXGroup section */

/* Begin PBXNativeTarget section */
		EB52A4DC29D47D2A00C83B12 /* LayoutTestApp */ = {
			isa = PBXNativeTarget;
			buildConfigurationList = EB52A4F129D47D2C00C83B12 /* Build configuration list for PBXNativeTarget "LayoutTestApp" */;
			buildPhases = (
				EB52A4D929D47D2A00C83B12 /* Sources */,
				EB52A4DA29D47D2A00C83B12 /* Frameworks */,
				EB52A4DB29D47D2A00C83B12 /* Resources */,
			);
			buildRules = (
			);
			dependencies = (
			);
			name = LayoutTestApp;
			productName = LayoutTestApp;
			productReference = EB52A4DD29D47D2A00C83B12 /* LayoutTestApp.app */;
			productType = "com.apple.product-type.application";
		};
/* End PBXNativeTarget section */

/* Begin PBXProject section */
		EB52A4D529D47D2A00C83B12 /* Project object */ = {
			isa = PBXProject;
			attributes = {
				BuildIndependentTargetsInParallel = 1;
				LastSwiftUpdateCheck = 1420;
				LastUpgradeCheck = 1420;
				TargetAttributes = {
					EB52A4DC29D47D2A00C83B12 = {
						CreatedOnToolsVersion = 14.2;
					};
				};
			};
			buildConfigurationList = EB52A4D829D47D2A00C83B12 /* Build configuration list for PBXProject "LayoutTestApp" */;
			compatibilityVersion = "Xcode 14.0";
			developmentRegion = en;
			hasScannedForEncodings = 0;
			knownRegions = (
				en,
				Base,
			);
			mainGroup = EB52A4D429D47D2A00C83B12;
			productRefGroup = EB52A4DE29D47D2A00C83B12 /* Products */;
			projectDirPath = "";
			projectRoot = "";
			targets = (
				EB52A4DC29D47D2A00C83B12 /* LayoutTestApp */,
			);
		};
/* End PBXProject section */

/* Begin PBXResourcesBuildPhase section */
		EB52A4DB29D47D2A00C83B12 /* Resources */ = {
			isa = PBXResourcesBuildPhase;
			buildActionMask = 2147483647;
			files = (
				EB52A4ED29D47D2C00C83B12 /* LaunchScreen.storyboard in Resources */,
				EB52A4EA29D47D2C00C83B12 /* Assets.xcassets in Resources */,
				EB52A4E829D47D2A00C83B12 /* Main.storyboard in Resources */,
				EB52A4F829D4832000C83B12 /* DetailViewController.xib in Resources */,
			);
			runOnlyForDeploymentPostprocessing = 0;
		};
/* End PBXResourcesBuildPhase section */

/* Begin PBXSourcesBuildPhase section */
		EB52A4D929D47D2A00C83B12 /* Sources */ = {
			isa = PBXSourcesBuildPhase;
			buildActionMask = 2147483647;
			files = (
				EB52A4E529D47D2A00C83B12 /* ViewController.swift in Sources */,
				EB52A4E129D47D2A00C83B12 /* AppDelegate.swift in Sources */,
				EB52A4E329D47D2A00C83B12 /* SceneDelegate.swift in Sources */,
				EB52A4F729D4832000C83B12 /* DetailViewController.swift in Sources */,
			);
			runOnlyForDeploymentPostprocessing = 0;
		};
/* End PBXSourcesBuildPhase section */

/* Begin PBXVariantGroup section */
		EB52A4E629D47D2A00C83B12 /* Main.storyboard */ = {
			isa = PBXVariantGroup;
			children = (
				EB52A4E729D47D2A00C83B12 /* Base */,
			);
			name = Main.storyboard;
			sourceTree = "<group>";
		};
		EB52A4EB29D47D2C00C83B12 /* LaunchScreen.storyboard */ = {
			isa = PBXVariantGroup;
			children = (
				EB52A4EC29D47D2C00C83B12 /* Base */,
			);
			name = LaunchScreen.storyboard;
			sourceTree = "<group>";
		};
/* End PBXVariantGroup section */

/* Begin XCBuildConfiguration section */
		EB52A4EF29D47D2C00C83B12 /* Debug */ = {
			isa = XCBuildConfiguration;
			buildSettings = {
				ALWAYS_SEARCH_USER_PATHS = NO;
				CLANG_ANALYZER_NONNULL = YES;
				CLANG_ANALYZER_NUMBER_OBJECT_CONVERSION = YES_AGGRESSIVE;
				CLANG_CXX_LANGUAGE_STANDARD = "gnu++20";
				CLANG_ENABLE_MODULES = YES;
				CLANG_ENABLE_OBJC_ARC = YES;
				CLANG_ENABLE_OBJC_WEAK = YES;
				CLANG_WARN_BLOCK_CAPTURE_AUTORELEASING = YES;
				CLANG_WARN_BOOL_CONVERSION = YES;
				CLANG_WARN_COMMA = YES;
				CLANG_WARN_CONSTANT_CONVERSION = YES;
				CLANG_WARN_DEPRECATED_OBJC_IMPLEMENTATIONS = YES;
				CLANG_WARN_DIRECT_OBJC_ISA_USAGE = YES_ERROR;
				CLANG_WARN_DOCUMENTATION_COMMENTS = YES;
				CLANG_WARN_EMPTY_BODY = YES;
				CLANG_WARN_ENUM_CONVERSION = YES;
				CLANG_WARN_INFINITE_RECURSION = YES;
				CLANG_WARN_INT_CONVERSION = YES;
				CLANG_WARN_NON_LITERAL_NULL_CONVERSION = YES;
				CLANG_WARN_OBJC_IMPLICIT_RETAIN_SELF = YES;
				CLANG_WARN_OBJC_LITERAL_CONVERSION = YES;
				CLANG_WARN_OBJC_ROOT_CLASS = YES_ERROR;
				CLANG_WARN_QUOTED_INCLUDE_IN_FRAMEWORK_HEADER = YES;
				CLANG_WARN_RANGE_LOOP_ANALYSIS = YES;
				CLANG_WARN_STRICT_PROTOTYPES = YES;
				CLANG_WARN_SUSPICIOUS_MOVE = YES;
				CLANG_WARN_UNGUARDED_AVAILABILITY = YES_AGGRESSIVE;
				CLANG_WARN_UNREACHABLE_CODE = YES;
				CLANG_WARN__DUPLICATE_METHOD_MATCH = YES;
				COPY_PHASE_STRIP = NO;
				DEBUG_INFORMATION_FORMAT = dwarf;
				ENABLE_STRICT_OBJC_MSGSEND = YES;
				ENABLE_TESTABILITY = YES;
				GCC_C_LANGUAGE_STANDARD = gnu11;
				GCC_DYNAMIC_NO_PIC = NO;
				GCC_NO_COMMON_BLOCKS = YES;
				GCC_OPTIMIZATION_LEVEL = 0;
				GCC_PREPROCESSOR_DEFINITIONS = (
					"DEBUG=1",
					"$(inherited)",
				);
				GCC_WARN_64_TO_32_BIT_CONVERSION = YES;
				GCC_WARN_ABOUT_RETURN_TYPE = YES_ERROR;
				GCC_WARN_UNDECLARED_SELECTOR = YES;
				GCC_WARN_UNINITIALIZED_AUTOS = YES_AGGRESSIVE;
				GCC_WARN_UNUSED_FUNCTION = YES;
				GCC_WARN_UNUSED_VARIABLE = YES;
				IPHONEOS_DEPLOYMENT_TARGET = 16.2;
				MTL_ENABLE_DEBUG_INFO = INCLUDE_SOURCE;
				MTL_FAST_MATH = YES;
				ONLY_ACTIVE_ARCH = YES;
				SDKROOT = iphoneos;
				SWIFT_ACTIVE_COMPILATION_CONDITIONS = DEBUG;
				SWIFT_OPTIMIZATION_LEVEL = "-Onone";
			};
			name = Debug;
		};
		EB52A4F029D47D2C00C83B12 /* Release */ = {
			isa = XCBuildConfiguration;
			buildSettings = {
				ALWAYS_SEARCH_USER_PATHS = NO;
				CLANG_ANALYZER_NONNULL = YES;
				CLANG_ANALYZER_NUMBER_OBJECT_CONVERSION = YES_AGGRESSIVE;
				CLANG_CXX_LANGUAGE_STANDARD = "gnu++20";
				CLANG_ENABLE_MODULES = YES;
				CLANG_ENABLE_OBJC_ARC = YES;
				CLANG_ENABLE_OBJC_WEAK = YES;
				CLANG_WARN_BLOCK_CAPTURE_AUTORELEASING = YES;
				CLANG_WARN_BOOL_CONVERSION = YES;
				CLANG_WARN_COMMA = YES;
				CLANG_WARN_CONSTANT_CONVERSION = YES;
				CLANG_WARN_DEPRECATED_OBJC_IMPLEMENTATIONS = YES;
				CLANG_WARN_DIRECT_OBJC_ISA_USAGE = YES_ERROR;
				CLANG_WARN_DOCUMENTATION_COMMENTS = YES;
				CLANG_WARN_EMPTY_BODY = YES;
				CLANG_WARN_ENUM_CONVERSION = YES;
				CLANG_WARN_INFINITE_RECURSION = YES;
				CLANG_WARN_INT_CONVERSION = YES;
				CLANG_WARN_NON_LITERAL_NULL_CONVERSION = YES;
				CLANG_WARN_OBJC_IMPLICIT_RETAIN_SELF = YES;
				CLANG_WARN_OBJC_LITERAL_CONVERSION = YES;
				CLANG_WARN_OBJC_ROOT_CLASS = YES_ERROR;
				CLANG_WARN_QUOTED_INCLUDE_IN_FRAMEWORK_HEADER = YES;
				CLANG_WARN_RANGE_LOOP_ANALYSIS = YES;
				CLANG_WARN_STRICT_PROTOTYPES = YES;
				CLANG_WARN_SUSPICIOUS_MOVE = YES;
				CLANG_WARN_UNGUARDED_AVAILABILITY = YES_AGGRESSIVE;
				CLANG_WARN_UNREACHABLE_CODE = YES;
				CLANG_WARN__DUPLICATE_METHOD_MATCH = YES;
				COPY_PHASE_STRIP = NO;
				DEBUG_INFORMATION_FORMAT = "dwarf-with-dsym";
				ENABLE_NS_ASSERTIONS = NO;
				ENABLE_STRICT_OBJC_MSGSEND = YES;
				GCC_C_LANGUAGE_STANDARD = gnu11;
				GCC_NO_COMMON_BLOCKS = YES;
				GCC_WARN_64_TO_32_BIT_CONVERSION = YES;
				GCC_WARN_ABOUT_RETURN_TYPE = YES_ERROR;
				GCC_WARN_UNDECLARED_SELECTOR = YES;
				GCC_WARN_UNINITIALIZED_AUTOS = YES_AGGRESSIVE;
				GCC_WARN_UNUSED_FUNCTION = YES;
				GCC_WARN_UNUSED_VARIABLE = YES;
				IPHONEOS_DEPLOYMENT_TARGET = 16.2;
				MTL_ENABLE_DEBUG_INFO = NO;
				MTL_FAST_MATH = YES;
				SDKROOT = iphoneos;
				SWIFT_COMPILATION_MODE = wholemodule;
				SWIFT_OPTIMIZATION_LEVEL = "-O";
				VALIDATE_PRODUCT = YES;
			};
			name = Release;
		};
		EB52A4F229D47D2C00C83B12 /* Debug */ = {
			isa = XCBuildConfiguration;
			buildSettings = {
				ASSETCATALOG_COMPILER_APPICON_NAME = AppIcon;
				ASSETCATALOG_COMPILER_GLOBAL_ACCENT_COLOR_NAME = AccentColor;
				CODE_SIGN_STYLE = Automatic;
				CURRENT_PROJECT_VERSION = 1;
				DEVELOPMENT_TEAM = 46X9JWL5UU;
				GENERATE_INFOPLIST_FILE = YES;
				INFOPLIST_FILE = LayoutTestApp/Info.plist;
				INFOPLIST_KEY_UIApplicationSupportsIndirectInputEvents = YES;
				INFOPLIST_KEY_UILaunchStoryboardName = LaunchScreen;
				INFOPLIST_KEY_UIMainStoryboardFile = Main;
				INFOPLIST_KEY_UISupportedInterfaceOrientations_iPad = "UIInterfaceOrientationPortrait UIInterfaceOrientationPortraitUpsideDown UIInterfaceOrientationLandscapeLeft UIInterfaceOrientationLandscapeRight";
				INFOPLIST_KEY_UISupportedInterfaceOrientations_iPhone = "UIInterfaceOrientationPortrait UIInterfaceOrientationLandscapeLeft UIInterfaceOrientationLandscapeRight";
				LD_RUNPATH_SEARCH_PATHS = (
					"$(inherited)",
					"@executable_path/Frameworks",
				);
				MARKETING_VERSION = 1.0;
				PRODUCT_BUNDLE_IDENTIFIER = com.fauzidev.LayoutTestApp;
				PRODUCT_NAME = "$(TARGET_NAME)";
				SWIFT_EMIT_LOC_STRINGS = YES;
				SWIFT_VERSION = 5.0;
				TARGETED_DEVICE_FAMILY = "1,2";
			};
			name = Debug;
		};
		EB52A4F329D47D2C00C83B12 /* Release */ = {
			isa = XCBuildConfiguration;
			buildSettings = {
				ASSETCATALOG_COMPILER_APPICON_NAME = AppIcon;
				ASSETCATALOG_COMPILER_GLOBAL_ACCENT_COLOR_NAME = AccentColor;
				CODE_SIGN_STYLE = Automatic;
				CURRENT_PROJECT_VERSION = 1;
				DEVELOPMENT_TEAM = 46X9JWL5UU;
				GENERATE_INFOPLIST_FILE = YES;
				INFOPLIST_FILE = LayoutTestApp/Info.plist;
				INFOPLIST_KEY_UIApplicationSupportsIndirectInputEvents = YES;
				INFOPLIST_KEY_UILaunchStoryboardName = LaunchScreen;
				INFOPLIST_KEY_UIMainStoryboardFile = Main;
				INFOPLIST_KEY_UISupportedInterfaceOrientations_iPad = "UIInterfaceOrientationPortrait UIInterfaceOrientationPortraitUpsideDown UIInterfaceOrientationLandscapeLeft UIInterfaceOrientationLandscapeRight";
				INFOPLIST_KEY_UISupportedInterfaceOrientations_iPhone = "UIInterfaceOrientationPortrait UIInterfaceOrientationLandscapeLeft UIInterfaceOrientationLandscapeRight";
				LD_RUNPATH_SEARCH_PATHS = (
					"$(inherited)",
					"@executable_path/Frameworks",
				);
				MARKETING_VERSION = 1.0;
				PRODUCT_BUNDLE_IDENTIFIER = com.fauzidev.LayoutTestApp;
				PRODUCT_NAME = "$(TARGET_NAME)";
				SWIFT_EMIT_LOC_STRINGS = YES;
				SWIFT_VERSION = 5.0;
				TARGETED_DEVICE_FAMILY = "1,2";
			};
			name = Release;
		};
/* End XCBuildConfiguration section */

/* Begin XCConfigurationList section */
		EB52A4D829D47D2A00C83B12 /* Build configuration list for PBXProject "LayoutTestApp" */ = {
			isa = XCConfigurationList;
			buildConfigurations = (
				EB52A4EF29D47D2C00C83B12 /* Debug */,
				EB52A4F029D47D2C00C83B12 /* Release */,
			);
			defaultConfigurationIsVisible = 0;
			defaultConfigurationName = Release;
		};
		EB52A4F129D47D2C00C83B12 /* Build configuration list for PBXNativeTarget "LayoutTestApp" */ = {
			isa = XCConfigurationList;
			buildConfigurations = (
				EB52A4F229D47D2C00C83B12 /* Debug */,
				EB52A4F329D47D2C00C83B12 /* Release */,
			);
			defaultConfigurationIsVisible = 0;
			defaultConfigurationName = Release;
		};
/* End XCConfigurationList section */
	};
	rootObject = EB52A4D529D47D2A00C83B12 /* Project object */;
}
